
Microsoft Visual Studio Solution File, Format Version 12.00
# Visual Studio Version 16
VisualStudioVersion = 16.0.29215.179
MinimumVisualStudioVersion = 10.0.40219.1
Project("{9A19103F-16F7-4668-BE54-9A1E7A4F7556}") = "helloWorld", "src\helloWorld.csproj", "{6614F067-FE7E-43EA-A262-F6FBC263625B}"
EndProject
Global
	GlobalSection(SolutionConfigurationPlatforms) = preSolution
		Debug|Any CPU = Debug|Any CPU
		Release|Any CPU = Release|Any CPU
	EndGlobalSection
	GlobalSection(ProjectConfigurationPlatforms) = postSolution
		{6614F067-FE7E-43EA-A262-F6FBC263625B}.Debug|Any CPU.ActiveCfg = Debug|Any CPU
		{6614F067-FE7E-43EA-A262-F6FBC263625B}.Debug|Any CPU.Build.0 = Debug|Any CPU
		{6614F067-FE7E-43EA-A262-F6FBC263625B}.Release|Any CPU.ActiveCfg = Release|Any CPU
		{6614F067-FE7E-43EA-A262-F6FBC263625B}.Release|Any CPU.Build.0 = Release|Any CPU
	EndGlobalSection
	GlobalSection(SolutionProperties) = preSolution
		HideSolutionNode = FALSE
	EndGlobalSection
	GlobalSection(ExtensibilityGlobals) = postSolution
		SolutionGuid = {C0F0A932-D7EF-4D79-8986-E12C41795D36}
	EndGlobalSection
EndGlobal
